
Microsoft Visual Studio Solution File, Format Version 12.00
# Visual Studio Version 17
VisualStudioVersion = 17.0.32014.148
MinimumVisualStudioVersion = 10.0.40219.1
Project("{FAE04EC0-301F-11D3-BF4B-00C04F79EFBC}") = "SetOfEquationCalculator", "SetOfEquationCalculator\SetOfEquationCalculator.csproj", "{EFB608A5-4DD8-4D6C-B2D3-B1EDFBF90515}"
EndProject
Global
	GlobalSection(SolutionConfigurationPlatforms) = preSolution
		Debug|Any CPU = Debug|Any CPU
		Release|Any CPU = Release|Any CPU
	EndGlobalSection
	GlobalSection(ProjectConfigurationPlatforms) = postSolution
		{EFB608A5-4DD8-4D6C-B2D3-B1EDFBF90515}.Debug|Any CPU.ActiveCfg = Debug|Any CPU
		{EFB608A5-4DD8-4D6C-B2D3-B1EDFBF90515}.Debug|Any CPU.Build.0 = Debug|Any CPU
		{EFB608A5-4DD8-4D6C-B2D3-B1EDFBF90515}.Release|Any CPU.ActiveCfg = Release|Any CPU
		{EFB608A5-4DD8-4D6C-B2D3-B1EDFBF90515}.Release|Any CPU.Build.0 = Release|Any CPU
	EndGlobalSection
	GlobalSection(SolutionProperties) = preSolution
		HideSolutionNode = FALSE
	EndGlobalSection
	GlobalSection(ExtensibilityGlobals) = postSolution
		SolutionGuid = {7BA5C0C4-B8ED-4A45-BA83-6BB475560CC2}
	EndGlobalSection
EndGlobal
